
Microsoft Visual Studio Solution File, Format Version 12.00
# Visual Studio 15
VisualStudioVersion = 15.0.27703.2035
MinimumVisualStudioVersion = 10.0.40219.1
Project("{FAE04EC0-301F-11D3-BF4B-00C04F79EFBC}") = "Engine", "Engine\Engine.csproj", "{15C4AD1F-6274-4D34-A547-D48DB3CFD099}"
EndProject
Global
	GlobalSection(SolutionConfigurationPlatforms) = preSolution
		Debug|x64 = Debug|x64
		Release|x64 = Release|x64
	EndGlobalSection
	GlobalSection(ProjectConfigurationPlatforms) = postSolution
		{15C4AD1F-6274-4D34-A547-D48DB3CFD099}.Debug|x64.ActiveCfg = Debug|x64
		{15C4AD1F-6274-4D34-A547-D48DB3CFD099}.Debug|x64.Build.0 = Debug|x64
		{15C4AD1F-6274-4D34-A547-D48DB3CFD099}.Release|x64.ActiveCfg = Release|x64
		{15C4AD1F-6274-4D34-A547-D48DB3CFD099}.Release|x64.Build.0 = Release|x64
	EndGlobalSection
	GlobalSection(SolutionProperties) = preSolution
		HideSolutionNode = FALSE
	EndGlobalSection
	GlobalSection(ExtensibilityGlobals) = postSolution
		SolutionGuid = {39652D41-C1BB-4FCE-ACEA-E7B9DC29CD6C}
	EndGlobalSection
EndGlobal
