
Microsoft Visual Studio Solution File, Format Version 12.00
# Visual Studio 15
VisualStudioVersion = 15.0.27703.2035
MinimumVisualStudioVersion = 10.0.40219.1
Project("{FAE04EC0-301F-11D3-BF4B-00C04F79EFBC}") = "Packet", "Packet\Packet.csproj", "{46270DF7-6D5A-4806-98E8-492C9B6EB952}"
EndProject
Global
	GlobalSection(SolutionConfigurationPlatforms) = preSolution
		Debug|x64 = Debug|x64
		Release|x64 = Release|x64
	EndGlobalSection
	GlobalSection(ProjectConfigurationPlatforms) = postSolution
		{46270DF7-6D5A-4806-98E8-492C9B6EB952}.Debug|x64.ActiveCfg = Debug|x64
		{46270DF7-6D5A-4806-98E8-492C9B6EB952}.Debug|x64.Build.0 = Debug|x64
		{46270DF7-6D5A-4806-98E8-492C9B6EB952}.Release|x64.ActiveCfg = Release|x64
		{46270DF7-6D5A-4806-98E8-492C9B6EB952}.Release|x64.Build.0 = Release|x64
	EndGlobalSection
	GlobalSection(SolutionProperties) = preSolution
		HideSolutionNode = FALSE
	EndGlobalSection
	GlobalSection(ExtensibilityGlobals) = postSolution
		SolutionGuid = {61389CB9-9AC7-4D42-978C-BC87CA7E4BFA}
	EndGlobalSection
EndGlobal
